
Microsoft Visual Studio Solution File, Format Version 12.00
# Visual Studio Version 16
VisualStudioVersion = 16.0.31729.503
MinimumVisualStudioVersion = 10.0.40219.1
Project("{FAE04EC0-301F-11D3-BF4B-00C04F79EFBC}") = "Word2VecWebinar", "Word2VecWebinar\Word2VecWebinar.csproj", "{712ABACC-5949-40CB-99D3-C2F9DAA42A4A}"
EndProject
Global
	GlobalSection(SolutionConfigurationPlatforms) = preSolution
		Debug|Any CPU = Debug|Any CPU
		Release|Any CPU = Release|Any CPU
	EndGlobalSection
	GlobalSection(ProjectConfigurationPlatforms) = postSolution
		{712ABACC-5949-40CB-99D3-C2F9DAA42A4A}.Debug|Any CPU.ActiveCfg = Debug|Any CPU
		{712ABACC-5949-40CB-99D3-C2F9DAA42A4A}.Debug|Any CPU.Build.0 = Debug|Any CPU
		{712ABACC-5949-40CB-99D3-C2F9DAA42A4A}.Release|Any CPU.ActiveCfg = Release|Any CPU
		{712ABACC-5949-40CB-99D3-C2F9DAA42A4A}.Release|Any CPU.Build.0 = Release|Any CPU
	EndGlobalSection
	GlobalSection(SolutionProperties) = preSolution
		HideSolutionNode = FALSE
	EndGlobalSection
	GlobalSection(ExtensibilityGlobals) = postSolution
		SolutionGuid = {B38BB3C6-A073-4F74-AD9C-01C771A211F9}
	EndGlobalSection
EndGlobal
